
Microsoft Visual Studio Solution File, Format Version 12.00
# Visual Studio Version 17
VisualStudioVersion = 17.10.35027.167
MinimumVisualStudioVersion = 10.0.40219.1
Project("{FAE04EC0-301F-11D3-BF4B-00C04F79EFBC}") = "Enwage", "Enwage\Enwage.csproj", "{7A759943-5655-4916-9747-36717D332CB1}"
EndProject
Global
	GlobalSection(SolutionConfigurationPlatforms) = preSolution
		Debug|Any CPU = Debug|Any CPU
		Release|Any CPU = Release|Any CPU
	EndGlobalSection
	GlobalSection(ProjectConfigurationPlatforms) = postSolution
		{7A759943-5655-4916-9747-36717D332CB1}.Debug|Any CPU.ActiveCfg = Debug|Any CPU
		{7A759943-5655-4916-9747-36717D332CB1}.Debug|Any CPU.Build.0 = Debug|Any CPU
		{7A759943-5655-4916-9747-36717D332CB1}.Release|Any CPU.ActiveCfg = Release|Any CPU
		{7A759943-5655-4916-9747-36717D332CB1}.Release|Any CPU.Build.0 = Release|Any CPU
	EndGlobalSection
	GlobalSection(SolutionProperties) = preSolution
		HideSolutionNode = FALSE
	EndGlobalSection
	GlobalSection(ExtensibilityGlobals) = postSolution
		SolutionGuid = {63C4613B-CCC1-4CA0-BF6D-1586977941AC}
	EndGlobalSection
EndGlobal
